
Microsoft Visual Studio Solution File, Format Version 12.00
# Visual Studio Version 16
VisualStudioVersion = 25.0.1700.0
MinimumVisualStudioVersion = 10.0.40219.1
Project("{FAE04EC0-301F-11D3-BF4B-00C04F79EFBC}") = "Astarte", "Astarte\Astarte.csproj", "{23E7B04A-C5D3-4D22-BCBE-9FA1EB515D74}"
EndProject
Global
	GlobalSection(SolutionConfigurationPlatforms) = preSolution
		Debug|Any CPU = Debug|Any CPU
		Release|Any CPU = Release|Any CPU
	EndGlobalSection
	GlobalSection(ProjectConfigurationPlatforms) = postSolution
		{23E7B04A-C5D3-4D22-BCBE-9FA1EB515D74}.Debug|Any CPU.ActiveCfg = Debug|Any CPU
		{23E7B04A-C5D3-4D22-BCBE-9FA1EB515D74}.Debug|Any CPU.Build.0 = Debug|Any CPU
		{23E7B04A-C5D3-4D22-BCBE-9FA1EB515D74}.Release|Any CPU.ActiveCfg = Release|Any CPU
		{23E7B04A-C5D3-4D22-BCBE-9FA1EB515D74}.Release|Any CPU.Build.0 = Release|Any CPU
	EndGlobalSection
	GlobalSection(SolutionProperties) = preSolution
		HideSolutionNode = FALSE
	EndGlobalSection
	GlobalSection(ExtensibilityGlobals) = postSolution
		SolutionGuid = {99014692-2CBA-4981-BDC9-524E7730C8DE}
	EndGlobalSection
EndGlobal
